
Microsoft Visual Studio Solution File, Format Version 12.00
# Visual Studio Version 17
VisualStudioVersion = 17.10.35013.160
MinimumVisualStudioVersion = 10.0.40219.1
Project("{FAE04EC0-301F-11D3-BF4B-00C04F79EFBC}") = "GuitarApp", "GuitarApp.csproj", "{0F8598B5-05DA-4CC7-B678-A0922CB696CC}"
EndProject
Global
	GlobalSection(SolutionConfigurationPlatforms) = preSolution
		Debug|Any CPU = Debug|Any CPU
		Release|Any CPU = Release|Any CPU
	EndGlobalSection
	GlobalSection(ProjectConfigurationPlatforms) = postSolution
		{0F8598B5-05DA-4CC7-B678-A0922CB696CC}.Debug|Any CPU.ActiveCfg = Debug|Any CPU
		{0F8598B5-05DA-4CC7-B678-A0922CB696CC}.Debug|Any CPU.Build.0 = Debug|Any CPU
		{0F8598B5-05DA-4CC7-B678-A0922CB696CC}.Release|Any CPU.ActiveCfg = Release|Any CPU
		{0F8598B5-05DA-4CC7-B678-A0922CB696CC}.Release|Any CPU.Build.0 = Release|Any CPU
	EndGlobalSection
	GlobalSection(SolutionProperties) = preSolution
		HideSolutionNode = FALSE
	EndGlobalSection
	GlobalSection(ExtensibilityGlobals) = postSolution
		SolutionGuid = {6327D4AB-BCFC-4BCB-A806-D7CAB2F0A307}
	EndGlobalSection
EndGlobal
